
Microsoft Visual Studio Solution File, Format Version 12.00
# Visual Studio 15
VisualStudioVersion = 15.0.28010.2048
MinimumVisualStudioVersion = 10.0.40219.1
Project("{FAE04EC0-301F-11D3-BF4B-00C04F79EFBC}") = "Modelo", "Modelo.csproj", "{22A41B0E-F2D2-4C7B-8AB7-0C45B34FE305}"
EndProject
Global
	GlobalSection(SolutionConfigurationPlatforms) = preSolution
		Debug|Any CPU = Debug|Any CPU
		Release|Any CPU = Release|Any CPU
	EndGlobalSection
	GlobalSection(ProjectConfigurationPlatforms) = postSolution
		{22A41B0E-F2D2-4C7B-8AB7-0C45B34FE305}.Debug|Any CPU.ActiveCfg = Debug|Any CPU
		{22A41B0E-F2D2-4C7B-8AB7-0C45B34FE305}.Debug|Any CPU.Build.0 = Debug|Any CPU
		{22A41B0E-F2D2-4C7B-8AB7-0C45B34FE305}.Release|Any CPU.ActiveCfg = Release|Any CPU
		{22A41B0E-F2D2-4C7B-8AB7-0C45B34FE305}.Release|Any CPU.Build.0 = Release|Any CPU
	EndGlobalSection
	GlobalSection(SolutionProperties) = preSolution
		HideSolutionNode = FALSE
	EndGlobalSection
	GlobalSection(ExtensibilityGlobals) = postSolution
		SolutionGuid = {BB5638D1-939A-4FD1-B5A4-699361977920}
	EndGlobalSection
EndGlobal
